{
  "version": 4,
  "terraform_version": "1.1.9",
  "serial": 12,
  "lineage": "fdb31ac5-d3c6-47e0-d8a6-95b7f22cb2fc",
  "outputs": {},
  "resources": [
    {
      "mode": "managed",
      "type": "digitalocean_kubernetes_cluster",
      "name": "david",
      "provider": "provider[\"registry.terraform.io/digitalocean/digitalocean\"]",
      "instances": [
        {
          "schema_version": 3,
          "attributes": {
            "auto_upgrade": false,
            "cluster_subnet": "10.244.0.0/16",
            "created_at": "2022-05-10 13:30:44 +0000 UTC",
            "endpoint": "https://0bee1145-9a9e-4c1c-94b3-706b5c51f63b.k8s.ondigitalocean.com",
            "ha": false,
            "id": "0bee1145-9a9e-4c1c-94b3-706b5c51f63b",
            "ipv4_address": "137.184.140.48",
            "kube_config": [
              {
                "client_certificate": "",
                "client_key": "",
                "cluster_ca_certificate": "LS0tLS1CRUdJTiBDRVJUSUZJQ0FURS0tLS0tCk1JSURKekNDQWcrZ0F3SUJBZ0lDQm5Vd0RRWUpLb1pJaHZjTkFRRUxCUUF3TXpFVk1CTUdBMVVFQ2hNTVJHbG4KYVhSaGJFOWpaV0Z1TVJvd0dBWURWUVFERXhGck9ITmhZWE1nUTJ4MWMzUmxjaUJEUVRBZUZ3MHlNakExTVRBeApNek13TlRCYUZ3MDBNakExTVRBeE16TXdOVEJhTURNeEZUQVRCZ05WQkFvVERFUnBaMmwwWVd4UFkyVmhiakVhCk1CZ0dBMVVFQXhNUmF6aHpZV0Z6SUVOc2RYTjBaWElnUTBFd2dnRWlNQTBHQ1NxR1NJYjNEUUVCQVFVQUE0SUIKRHdBd2dnRUtBb0lCQVFETEV1QmpVYno3NCsvbTBMeHBicVRKcng3OUtvQ2ZxWHFmU1FjTWZIckZaa0pIRDNIUApHK1l0SVNCYjVoUWk1OHE2QlBXZy9vczdpMEh5WW13ZFBrdmNvb3ByT3dMcmhIblVjRnVRemhvbXA0ayszcWl4CkR0bDNYQnc3REpJS0xXOHFiWXdZSXBLTjl3VmRid3NDcUhSckxsQTVIN01MRnZwNWNWN3lVM2xEUE53cmtHRDgKOFVYQWpjbmNxbTNiOFhOSzJFL0xIalJ4c04rQVRpUXBpUitXaFB0UTA4RmhtallFQ0hQbEJOd1VrZ1UvSVZVbQpUdk9Va2pSSW1kbTBpZWRZR2svTmF0Y0xLcmxIV2FxSkVwS0czMUdKM0VSZ3U4VmdBU0JnY1VrUlpHMmNLbklNCkJKdXZ2d0lRWUNFd3kvdm5qQXk4UE5ZYzllRXZ3Z2NGeUc5ZkFnTUJBQUdqUlRCRE1BNEdBMVVkRHdFQi93UUUKQXdJQmhqQVNCZ05WSFJNQkFmOEVDREFHQVFIL0FnRUFNQjBHQTFVZERnUVdCQlRsdGVRQXpBWFhMWmE0Zm0zLwpQTFlHK081QlFEQU5CZ2txaGtpRzl3MEJBUXNGQUFPQ0FRRUFic1BJUlBld3NtaWZvcjhRNXQzNU1jRkJrcSt5CmtkMGJwWFgvdE9UclVaUGNnYU9zQlB3K3AwOUZ2RzkrNUYybTVkcU8xemZCZ1BOVC9lR3YxL2h4d2poRFVPeEEKUTV1eldjTkVDR2ZjdzE3enJ3b3k5TE90NFVGVnpmaUIrU0RickV1dGpOczlGRGRaUEVZMHBrQml5dE8xbmJJTQpxU2tKT1JWRUkzYlN1MjY3V2hOYm5CNi94M3lpYzVGeG4zbTJuSiszY3ZVNW9sbTNEZHZYVlJKZXdJMURyZ0NuCkYrcHAraDIyTnhTc2JWZGYvWFVVdzBZTk5lRDhvSWF3VGJzU0lwMlNjdTM0YWZoaHJJS3NTLzBjR2IyWUZBMlUKN0lIYzV4UE9IWW9uck1DK1pycEhwUXZFSVBWcFJiTGJlb2orRTEyL0tBcVZ5UHFTRnhlbU0wSHA5UT09Ci0tLS0tRU5EIENFUlRJRklDQVRFLS0tLS0K",
                "expires_at": "2022-05-17T13:37:45Z",
                "host": "https://0bee1145-9a9e-4c1c-94b3-706b5c51f63b.k8s.ondigitalocean.com",
                "raw_config": "apiVersion: v1\nkind: Config\nclusters:\n- cluster:\n    certificate-authority-data: LS0tLS1CRUdJTiBDRVJUSUZJQ0FURS0tLS0tCk1JSURKekNDQWcrZ0F3SUJBZ0lDQm5Vd0RRWUpLb1pJaHZjTkFRRUxCUUF3TXpFVk1CTUdBMVVFQ2hNTVJHbG4KYVhSaGJFOWpaV0Z1TVJvd0dBWURWUVFERXhGck9ITmhZWE1nUTJ4MWMzUmxjaUJEUVRBZUZ3MHlNakExTVRBeApNek13TlRCYUZ3MDBNakExTVRBeE16TXdOVEJhTURNeEZUQVRCZ05WQkFvVERFUnBaMmwwWVd4UFkyVmhiakVhCk1CZ0dBMVVFQXhNUmF6aHpZV0Z6SUVOc2RYTjBaWElnUTBFd2dnRWlNQTBHQ1NxR1NJYjNEUUVCQVFVQUE0SUIKRHdBd2dnRUtBb0lCQVFETEV1QmpVYno3NCsvbTBMeHBicVRKcng3OUtvQ2ZxWHFmU1FjTWZIckZaa0pIRDNIUApHK1l0SVNCYjVoUWk1OHE2QlBXZy9vczdpMEh5WW13ZFBrdmNvb3ByT3dMcmhIblVjRnVRemhvbXA0ayszcWl4CkR0bDNYQnc3REpJS0xXOHFiWXdZSXBLTjl3VmRid3NDcUhSckxsQTVIN01MRnZwNWNWN3lVM2xEUE53cmtHRDgKOFVYQWpjbmNxbTNiOFhOSzJFL0xIalJ4c04rQVRpUXBpUitXaFB0UTA4RmhtallFQ0hQbEJOd1VrZ1UvSVZVbQpUdk9Va2pSSW1kbTBpZWRZR2svTmF0Y0xLcmxIV2FxSkVwS0czMUdKM0VSZ3U4VmdBU0JnY1VrUlpHMmNLbklNCkJKdXZ2d0lRWUNFd3kvdm5qQXk4UE5ZYzllRXZ3Z2NGeUc5ZkFnTUJBQUdqUlRCRE1BNEdBMVVkRHdFQi93UUUKQXdJQmhqQVNCZ05WSFJNQkFmOEVDREFHQVFIL0FnRUFNQjBHQTFVZERnUVdCQlRsdGVRQXpBWFhMWmE0Zm0zLwpQTFlHK081QlFEQU5CZ2txaGtpRzl3MEJBUXNGQUFPQ0FRRUFic1BJUlBld3NtaWZvcjhRNXQzNU1jRkJrcSt5CmtkMGJwWFgvdE9UclVaUGNnYU9zQlB3K3AwOUZ2RzkrNUYybTVkcU8xemZCZ1BOVC9lR3YxL2h4d2poRFVPeEEKUTV1eldjTkVDR2ZjdzE3enJ3b3k5TE90NFVGVnpmaUIrU0RickV1dGpOczlGRGRaUEVZMHBrQml5dE8xbmJJTQpxU2tKT1JWRUkzYlN1MjY3V2hOYm5CNi94M3lpYzVGeG4zbTJuSiszY3ZVNW9sbTNEZHZYVlJKZXdJMURyZ0NuCkYrcHAraDIyTnhTc2JWZGYvWFVVdzBZTk5lRDhvSWF3VGJzU0lwMlNjdTM0YWZoaHJJS3NTLzBjR2IyWUZBMlUKN0lIYzV4UE9IWW9uck1DK1pycEhwUXZFSVBWcFJiTGJlb2orRTEyL0tBcVZ5UHFTRnhlbU0wSHA5UT09Ci0tLS0tRU5EIENFUlRJRklDQVRFLS0tLS0K\n    server: https://0bee1145-9a9e-4c1c-94b3-706b5c51f63b.k8s.ondigitalocean.com\n  name: do-nyc1-clusterkubernetes\ncontexts:\n- context:\n    cluster: do-nyc1-clusterkubernetes\n    user: do-nyc1-clusterkubernetes-admin\n  name: do-nyc1-clusterkubernetes\ncurrent-context: do-nyc1-clusterkubernetes\nusers:\n- name: do-nyc1-clusterkubernetes-admin\n  user:\n    token: dop_v1_11f1721284e5a86b3a37721ecb3d16585b1c5156e85f635e7da71b9539d1ddaf\n",
                "token": "dop_v1_11f1721284e5a86b3a37721ecb3d16585b1c5156e85f635e7da71b9539d1ddaf"
              }
            ],
            "maintenance_policy": [
              {
                "day": "any",
                "duration": "4h0m0s",
                "start_time": "22:00"
              }
            ],
            "name": "clusterkubernetes",
            "node_pool": [
              {
                "actual_node_count": 1,
                "auto_scale": false,
                "id": "d32e119e-c75a-4fa1-8151-65bcb98d1073",
                "labels": {},
                "max_nodes": 0,
                "min_nodes": 0,
                "name": "nodes-kubernetes",
                "node_count": 1,
                "nodes": [
                  {
                    "created_at": "2022-05-10 13:30:44 +0000 UTC",
                    "droplet_id": "299177964",
                    "id": "d28cd6da-8e84-465d-813e-36b365e707c9",
                    "name": "nodes-kubernetes-cwpsg",
                    "status": "running",
                    "updated_at": "2022-05-10 13:34:15 +0000 UTC"
                  }
                ],
                "size": "s-1vcpu-2gb",
                "tags": [],
                "taint": []
              }
            ],
            "region": "nyc1",
            "service_subnet": "10.245.0.0/16",
            "status": "running",
            "surge_upgrade": true,
            "tags": [],
            "timeouts": null,
            "updated_at": "2022-05-10 13:37:35 +0000 UTC",
            "urn": "do:kubernetes:0bee1145-9a9e-4c1c-94b3-706b5c51f63b",
            "version": "1.22.8-do.1",
            "vpc_uuid": "3b493c73-60dc-4809-b722-f7c7608727c6"
          },
          "sensitive_attributes": [],
          "private": "eyJlMmJmYjczMC1lY2FhLTExZTYtOGY4OC0zNDM2M2JjN2M0YzAiOnsiY3JlYXRlIjoxODAwMDAwMDAwMDAwfSwic2NoZW1hX3ZlcnNpb24iOiIzIn0="
        }
      ]
    },
    {
      "mode": "managed",
      "type": "digitalocean_ssh_key",
      "name": "david",
      "provider": "provider[\"registry.terraform.io/digitalocean/digitalocean\"]",
      "instances": [
        {
          "schema_version": 0,
          "attributes": {
            "fingerprint": "48:66:d3:2e:cd:47:d9:7b:af:1e:02:0e:b5:2d:d9:21",
            "id": "34447138",
            "name": "david",
            "public_key": "ssh-rsa AAAAB3NzaC1yc2EAAAADAQABAAABgQDDE8ZLshveXPKVXP5/AASbK5euZsvby1Ztk4R++KuczxOOtQDUjNAhUbpPg6WUk7vUtv31HsoTS+fH8EljcKwbpq97AhU7vJGEu1r+3gdtTx4WU6XIynhQv2ELT/X7K2zg+nDI3GuGjp/zrNBTTr8UMhnvD3gxWcKxUUPUVoUXQxotMqhSw02a3srL+I/HN4+fqyN3dUIcTeqO4IHBMpU3rmb13s0QSUMEnd1nY92XQFq7vUtnWceOLAZfBZgtDxO21Fzt9N6aZ8LwiAda+y+rDe4Wb6YIbREGqllEgqhBQzjxj4LhtFfUZlmlmA8+Cco1NVA1yFKh877GGXXvEBKaYOZTW/qEE239ha7+8YvQCnBHXujKYrO1KKAAmJjSdm18x7vTJvybp/bKnOpg/vRZk9EwcwluXEzSK6asu1ecdbDwnDZCAxXDhs0fykBhDHXsnxTq2+p055afKuyS1lsTyUnzndvP7MfumPWr4df+MeQOucrzbUhZ+IVQE3kruG0= david@DAVID-PC\n"
          },
          "sensitive_attributes": [],
          "private": "bnVsbA=="
        }
      ]
    },
    {
      "mode": "managed",
      "type": "digitalocean_volume",
      "name": "david",
      "provider": "provider[\"registry.terraform.io/digitalocean/digitalocean\"]",
      "instances": [
        {
          "schema_version": 0,
          "attributes": {
            "description": "disk",
            "droplet_ids": [],
            "filesystem_label": null,
            "filesystem_type": "ext4",
            "id": "96b8ba3d-d06c-11ec-8723-0a58ac14468c",
            "initial_filesystem_label": null,
            "initial_filesystem_type": "ext4",
            "name": "prueba",
            "region": "nyc1",
            "size": 5,
            "snapshot_id": null,
            "tags": null,
            "urn": "do:volume:96b8ba3d-d06c-11ec-8723-0a58ac14468c"
          },
          "sensitive_attributes": [],
          "private": "bnVsbA=="
        }
      ]
    },
    {
      "mode": "managed",
      "type": "kubernetes_daemonset",
      "name": "fluentd",
      "provider": "provider[\"registry.terraform.io/hashicorp/kubernetes\"]",
      "instances": [
        {
          "schema_version": 1,
          "attributes": {
            "id": "kube-system/fluentd",
            "metadata": [
              {
                "annotations": null,
                "generate_name": "",
                "generation": 1,
                "labels": {
                  "test": "fluentd"
                },
                "name": "fluentd",
                "namespace": "kube-system",
                "resource_version": "4716",
                "uid": "22441e6a-dcaa-4563-80c9-52d85ced0b51"
              }
            ],
            "spec": [
              {
                "min_ready_seconds": 0,
                "revision_history_limit": 10,
                "selector": [
                  {
                    "match_expressions": [],
                    "match_labels": {
                      "test": "fluentd"
                    }
                  }
                ],
                "strategy": [
                  {
                    "rolling_update": [
                      {
                        "max_unavailable": "1"
                      }
                    ],
                    "type": "RollingUpdate"
                  }
                ],
                "template": [
                  {
                    "metadata": [
                      {
                        "annotations": null,
                        "generate_name": "",
                        "generation": 0,
                        "labels": {
                          "test": "fluentd"
                        },
                        "name": "",
                        "resource_version": "",
                        "uid": ""
                      }
                    ],
                    "spec": [
                      {
                        "active_deadline_seconds": 0,
                        "affinity": [],
                        "automount_service_account_token": true,
                        "container": [
                          {
                            "args": null,
                            "command": [
                              "/bin/sh",
                              "-c",
                              "/usr/sbin/td-agent 2\u003e\u00261 \u003e\u003e /var/log/fluentd.log"
                            ],
                            "env": [
                              {
                                "name": "LOGGLY_URL",
                                "value": "https://logs-01.loggly.com/inputs/dop_v1_85d1478fc10c37a51ecd672dd4f706ae3fc90ad5ce7386ba009ff6fe163f2d7a/tag/k8",
                                "value_from": []
                              }
                            ],
                            "env_from": [],
                            "image": "garland/kubernetes-fluentd-loggly:1.0",
                            "image_pull_policy": "IfNotPresent",
                            "lifecycle": [],
                            "liveness_probe": [],
                            "name": "fluentd-es",
                            "port": [],
                            "readiness_probe": [],
                            "resources": [
                              {
                                "limits": null,
                                "requests": null
                              }
                            ],
                            "security_context": [],
                            "startup_probe": [],
                            "stdin": false,
                            "stdin_once": false,
                            "termination_message_path": "/dev/termination-log",
                            "termination_message_policy": "File",
                            "tty": false,
                            "volume_mount": [
                              {
                                "mount_path": "/var/log",
                                "mount_propagation": "None",
                                "name": "varlog",
                                "read_only": false,
                                "sub_path": ""
                              },
                              {
                                "mount_path": "/var/lib/docker/containers",
                                "mount_propagation": "None",
                                "name": "varlibdockercontainers",
                                "read_only": true,
                                "sub_path": ""
                              }
                            ],
                            "working_dir": ""
                          }
                        ],
                        "dns_config": [],
                        "dns_policy": "ClusterFirst",
                        "enable_service_links": true,
                        "host_aliases": [],
                        "host_ipc": false,
                        "host_network": false,
                        "host_pid": false,
                        "hostname": "",
                        "image_pull_secrets": [],
                        "init_container": [],
                        "node_name": "",
                        "node_selector": null,
                        "priority_class_name": "",
                        "readiness_gate": [],
                        "restart_policy": "Always",
                        "security_context": [],
                        "service_account_name": "",
                        "share_process_namespace": false,
                        "subdomain": "",
                        "termination_grace_period_seconds": 30,
                        "toleration": [],
                        "topology_spread_constraint": [],
                        "volume": [
                          {
                            "aws_elastic_block_store": [],
                            "azure_disk": [],
                            "azure_file": [],
                            "ceph_fs": [],
                            "cinder": [],
                            "config_map": [],
                            "csi": [],
                            "downward_api": [],
                            "empty_dir": [],
                            "fc": [],
                            "flex_volume": [],
                            "flocker": [],
                            "gce_persistent_disk": [],
                            "git_repo": [],
                            "glusterfs": [],
                            "host_path": [
                              {
                                "path": "/var/log",
                                "type": ""
                              }
                            ],
                            "iscsi": [],
                            "local": [],
                            "name": "varlog",
                            "nfs": [],
                            "persistent_volume_claim": [],
                            "photon_persistent_disk": [],
                            "projected": [],
                            "quobyte": [],
                            "rbd": [],
                            "secret": [],
                            "vsphere_volume": []
                          },
                          {
                            "aws_elastic_block_store": [],
                            "azure_disk": [],
                            "azure_file": [],
                            "ceph_fs": [],
                            "cinder": [],
                            "config_map": [],
                            "csi": [],
                            "downward_api": [],
                            "empty_dir": [],
                            "fc": [],
                            "flex_volume": [],
                            "flocker": [],
                            "gce_persistent_disk": [],
                            "git_repo": [],
                            "glusterfs": [],
                            "host_path": [
                              {
                                "path": "/var/lib/docker/containers",
                                "type": ""
                              }
                            ],
                            "iscsi": [],
                            "local": [],
                            "name": "varlibdockercontainers",
                            "nfs": [],
                            "persistent_volume_claim": [],
                            "photon_persistent_disk": [],
                            "projected": [],
                            "quobyte": [],
                            "rbd": [],
                            "secret": [],
                            "vsphere_volume": []
                          }
                        ]
                      }
                    ]
                  }
                ]
              }
            ],
            "timeouts": null,
            "wait_for_rollout": true
          },
          "sensitive_attributes": [],
          "private": "eyJlMmJmYjczMC1lY2FhLTExZTYtOGY4OC0zNDM2M2JjN2M0YzAiOnsiY3JlYXRlIjo2MDAwMDAwMDAwMDAsImRlbGV0ZSI6NjAwMDAwMDAwMDAwLCJ1cGRhdGUiOjYwMDAwMDAwMDAwMH0sInNjaGVtYV92ZXJzaW9uIjoiMSJ9",
          "dependencies": [
            "local_file.name"
          ]
        }
      ]
    },
    {
      "mode": "managed",
      "type": "kubernetes_namespace",
      "name": "pruebanamespace",
      "provider": "provider[\"registry.terraform.io/hashicorp/kubernetes\"]",
      "instances": [
        {
          "schema_version": 0,
          "attributes": {
            "id": "my-first-namespace",
            "metadata": [
              {
                "annotations": {},
                "generate_name": "",
                "generation": 0,
                "labels": {},
                "name": "my-first-namespace",
                "resource_version": "2380",
                "uid": "f13c4485-75c3-4111-8951-d2e033d491ad"
              }
            ],
            "timeouts": null
          },
          "sensitive_attributes": [],
          "private": "eyJlMmJmYjczMC1lY2FhLTExZTYtOGY4OC0zNDM2M2JjN2M0YzAiOnsiZGVsZXRlIjozMDAwMDAwMDAwMDB9fQ==",
          "dependencies": [
            "digitalocean_kubernetes_cluster.david",
            "local_file.name"
          ]
        }
      ]
    },
    {
      "mode": "managed",
      "type": "local_file",
      "name": "name",
      "provider": "provider[\"registry.terraform.io/hashicorp/local\"]",
      "instances": [
        {
          "schema_version": 0,
          "attributes": {
            "content": "apiVersion: v1\nkind: Config\nclusters:\n- cluster:\n    certificate-authority-data: LS0tLS1CRUdJTiBDRVJUSUZJQ0FURS0tLS0tCk1JSURKekNDQWcrZ0F3SUJBZ0lDQm5Vd0RRWUpLb1pJaHZjTkFRRUxCUUF3TXpFVk1CTUdBMVVFQ2hNTVJHbG4KYVhSaGJFOWpaV0Z1TVJvd0dBWURWUVFERXhGck9ITmhZWE1nUTJ4MWMzUmxjaUJEUVRBZUZ3MHlNakExTVRBeApNek13TlRCYUZ3MDBNakExTVRBeE16TXdOVEJhTURNeEZUQVRCZ05WQkFvVERFUnBaMmwwWVd4UFkyVmhiakVhCk1CZ0dBMVVFQXhNUmF6aHpZV0Z6SUVOc2RYTjBaWElnUTBFd2dnRWlNQTBHQ1NxR1NJYjNEUUVCQVFVQUE0SUIKRHdBd2dnRUtBb0lCQVFETEV1QmpVYno3NCsvbTBMeHBicVRKcng3OUtvQ2ZxWHFmU1FjTWZIckZaa0pIRDNIUApHK1l0SVNCYjVoUWk1OHE2QlBXZy9vczdpMEh5WW13ZFBrdmNvb3ByT3dMcmhIblVjRnVRemhvbXA0ayszcWl4CkR0bDNYQnc3REpJS0xXOHFiWXdZSXBLTjl3VmRid3NDcUhSckxsQTVIN01MRnZwNWNWN3lVM2xEUE53cmtHRDgKOFVYQWpjbmNxbTNiOFhOSzJFL0xIalJ4c04rQVRpUXBpUitXaFB0UTA4RmhtallFQ0hQbEJOd1VrZ1UvSVZVbQpUdk9Va2pSSW1kbTBpZWRZR2svTmF0Y0xLcmxIV2FxSkVwS0czMUdKM0VSZ3U4VmdBU0JnY1VrUlpHMmNLbklNCkJKdXZ2d0lRWUNFd3kvdm5qQXk4UE5ZYzllRXZ3Z2NGeUc5ZkFnTUJBQUdqUlRCRE1BNEdBMVVkRHdFQi93UUUKQXdJQmhqQVNCZ05WSFJNQkFmOEVDREFHQVFIL0FnRUFNQjBHQTFVZERnUVdCQlRsdGVRQXpBWFhMWmE0Zm0zLwpQTFlHK081QlFEQU5CZ2txaGtpRzl3MEJBUXNGQUFPQ0FRRUFic1BJUlBld3NtaWZvcjhRNXQzNU1jRkJrcSt5CmtkMGJwWFgvdE9UclVaUGNnYU9zQlB3K3AwOUZ2RzkrNUYybTVkcU8xemZCZ1BOVC9lR3YxL2h4d2poRFVPeEEKUTV1eldjTkVDR2ZjdzE3enJ3b3k5TE90NFVGVnpmaUIrU0RickV1dGpOczlGRGRaUEVZMHBrQml5dE8xbmJJTQpxU2tKT1JWRUkzYlN1MjY3V2hOYm5CNi94M3lpYzVGeG4zbTJuSiszY3ZVNW9sbTNEZHZYVlJKZXdJMURyZ0NuCkYrcHAraDIyTnhTc2JWZGYvWFVVdzBZTk5lRDhvSWF3VGJzU0lwMlNjdTM0YWZoaHJJS3NTLzBjR2IyWUZBMlUKN0lIYzV4UE9IWW9uck1DK1pycEhwUXZFSVBWcFJiTGJlb2orRTEyL0tBcVZ5UHFTRnhlbU0wSHA5UT09Ci0tLS0tRU5EIENFUlRJRklDQVRFLS0tLS0K\n    server: https://0bee1145-9a9e-4c1c-94b3-706b5c51f63b.k8s.ondigitalocean.com\n  name: do-nyc1-clusterkubernetes\ncontexts:\n- context:\n    cluster: do-nyc1-clusterkubernetes\n    user: do-nyc1-clusterkubernetes-admin\n  name: do-nyc1-clusterkubernetes\ncurrent-context: do-nyc1-clusterkubernetes\nusers:\n- name: do-nyc1-clusterkubernetes-admin\n  user:\n    token: dop_v1_11f1721284e5a86b3a37721ecb3d16585b1c5156e85f635e7da71b9539d1ddaf\n",
            "content_base64": null,
            "directory_permission": "0777",
            "file_permission": "0777",
            "filename": "kubeconfig.yaml",
            "id": "9c77428c1385d9891b860ee6f731f92915646ecd",
            "sensitive_content": null,
            "source": null
          },
          "sensitive_attributes": [
            [
              {
                "type": "get_attr",
                "value": "content"
              }
            ]
          ],
          "private": "bnVsbA==",
          "dependencies": [
            "digitalocean_kubernetes_cluster.david"
          ]
        }
      ]
    }
  ]
}
