{
  "version": 4,
  "terraform_version": "1.1.9",
  "serial": 56,
  "lineage": "fdb31ac5-d3c6-47e0-d8a6-95b7f22cb2fc",
  "outputs": {},
  "resources": [
    {
      "mode": "managed",
      "type": "digitalocean_kubernetes_cluster",
      "name": "prueba",
      "provider": "provider[\"registry.terraform.io/digitalocean/digitalocean\"]",
      "instances": [
        {
          "schema_version": 3,
          "attributes": {
            "auto_upgrade": false,
            "cluster_subnet": "10.244.0.0/16",
            "created_at": "2022-05-11 08:30:00 +0000 UTC",
            "endpoint": "https://10fe4fb2-da2f-4db1-9157-b4c6b56bc96b.k8s.ondigitalocean.com",
            "ha": false,
            "id": "10fe4fb2-da2f-4db1-9157-b4c6b56bc96b",
            "ipv4_address": "161.35.116.130",
            "kube_config": [
              {
                "client_certificate": "",
                "client_key": "",
                "cluster_ca_certificate": "LS0tLS1CRUdJTiBDRVJUSUZJQ0FURS0tLS0tCk1JSURKekNDQWcrZ0F3SUJBZ0lDQm5Vd0RRWUpLb1pJaHZjTkFRRUxCUUF3TXpFVk1CTUdBMVVFQ2hNTVJHbG4KYVhSaGJFOWpaV0Z1TVJvd0dBWURWUVFERXhGck9ITmhZWE1nUTJ4MWMzUmxjaUJEUVRBZUZ3MHlNakExTVRFdwpPRE13TVRCYUZ3MDBNakExTVRFd09ETXdNVEJhTURNeEZUQVRCZ05WQkFvVERFUnBaMmwwWVd4UFkyVmhiakVhCk1CZ0dBMVVFQXhNUmF6aHpZV0Z6SUVOc2RYTjBaWElnUTBFd2dnRWlNQTBHQ1NxR1NJYjNEUUVCQVFVQUE0SUIKRHdBd2dnRUtBb0lCQVFDYktuL04rZ1VqTUJMaUYwSHVUR25FQXJBNVFCdXp3RFMyUVVkbnBQVVkrQU9pUk9BNwpHeGFMZzJ5dERaK3dUc0FROCtsRG9lWGdnblJsRWNOREpQcHRqM3VQNkVhN0R2WGF4M3lFKzFZL3ZDUEtDMGJPCm04ZE5abmZrN3RBK2NsNHd5SitVTVY4Q3RaeXIwb0UxNVV6ZXZ2UEkweW1UYzVVVE5QWXVEdUZaWUFuMzJlV24KU1ZINE8wRkJaRzRTV1hjMTVvZk5velZFclJuSDIyUjRaZFBMaHl4ZERxRXdGZ2FNNWphY0FGb2VRODFKams0ZwpOd01vZDR6NENwSndJcE1rYWhhZlhZTHdnUHVyWFhQaFgwU3FzMm42N1dYRVYySXFmNWVsZEhvSXhQOTJIanE1CkozK1RpT3EvTkQ0Y0VKUE1ocEtUTUc0NkpycDU0c3laTEJJRkFnTUJBQUdqUlRCRE1BNEdBMVVkRHdFQi93UUUKQXdJQmhqQVNCZ05WSFJNQkFmOEVDREFHQVFIL0FnRUFNQjBHQTFVZERnUVdCQlRTN29jU0FjeTFZNVRsNFRVaAo3SGFiS0pOb0F6QU5CZ2txaGtpRzl3MEJBUXNGQUFPQ0FRRUFKSXhoTVV3QzVaRXpsdzcvM2FlTXVEWHMyWXRqCmRMVEZUOVpVUDVOL3NLdWVEcGdRd2Vncjdqc29KdW5RV3FkMGMyb05ONUw3cFFKa2VxTVNyWWxyZWZGZGVKV3YKY2ZobW1vZS82OC8zU1pIRlk3UXg4Yk5NWENJZjJIZy9MRFY1V1pEMHhyRWFSTGJzNVgwdEhSZ293b1o1UnhnRAp3cVhLQThHQUwxa3dQb1FtQmp6ZlEzamx3NVJsUDVnNTZkRVZVcXZEUUhaelVocmNUbXNLNzNWRmRIMEdvRzBDCmlqQWtCb3V6RWdad25qL1FhaytyRk96MXpGZnFRMUtRLzROaDRmYTdQdml0QXBIamE4L3VCT0thK3lmVm9qSXUKSmRHRE9uZDRXbnN5OXl2cWpOelp6NUxuSEt0Zm5vTUNVQk1FVlpsR2NWcmM5WDZiUXNpcUh1LzEyQT09Ci0tLS0tRU5EIENFUlRJRklDQVRFLS0tLS0K",
                "expires_at": "2022-05-18T08:36:52Z",
                "host": "https://10fe4fb2-da2f-4db1-9157-b4c6b56bc96b.k8s.ondigitalocean.com",
                "raw_config": "apiVersion: v1\nkind: Config\nclusters:\n- cluster:\n    certificate-authority-data: LS0tLS1CRUdJTiBDRVJUSUZJQ0FURS0tLS0tCk1JSURKekNDQWcrZ0F3SUJBZ0lDQm5Vd0RRWUpLb1pJaHZjTkFRRUxCUUF3TXpFVk1CTUdBMVVFQ2hNTVJHbG4KYVhSaGJFOWpaV0Z1TVJvd0dBWURWUVFERXhGck9ITmhZWE1nUTJ4MWMzUmxjaUJEUVRBZUZ3MHlNakExTVRFdwpPRE13TVRCYUZ3MDBNakExTVRFd09ETXdNVEJhTURNeEZUQVRCZ05WQkFvVERFUnBaMmwwWVd4UFkyVmhiakVhCk1CZ0dBMVVFQXhNUmF6aHpZV0Z6SUVOc2RYTjBaWElnUTBFd2dnRWlNQTBHQ1NxR1NJYjNEUUVCQVFVQUE0SUIKRHdBd2dnRUtBb0lCQVFDYktuL04rZ1VqTUJMaUYwSHVUR25FQXJBNVFCdXp3RFMyUVVkbnBQVVkrQU9pUk9BNwpHeGFMZzJ5dERaK3dUc0FROCtsRG9lWGdnblJsRWNOREpQcHRqM3VQNkVhN0R2WGF4M3lFKzFZL3ZDUEtDMGJPCm04ZE5abmZrN3RBK2NsNHd5SitVTVY4Q3RaeXIwb0UxNVV6ZXZ2UEkweW1UYzVVVE5QWXVEdUZaWUFuMzJlV24KU1ZINE8wRkJaRzRTV1hjMTVvZk5velZFclJuSDIyUjRaZFBMaHl4ZERxRXdGZ2FNNWphY0FGb2VRODFKams0ZwpOd01vZDR6NENwSndJcE1rYWhhZlhZTHdnUHVyWFhQaFgwU3FzMm42N1dYRVYySXFmNWVsZEhvSXhQOTJIanE1CkozK1RpT3EvTkQ0Y0VKUE1ocEtUTUc0NkpycDU0c3laTEJJRkFnTUJBQUdqUlRCRE1BNEdBMVVkRHdFQi93UUUKQXdJQmhqQVNCZ05WSFJNQkFmOEVDREFHQVFIL0FnRUFNQjBHQTFVZERnUVdCQlRTN29jU0FjeTFZNVRsNFRVaAo3SGFiS0pOb0F6QU5CZ2txaGtpRzl3MEJBUXNGQUFPQ0FRRUFKSXhoTVV3QzVaRXpsdzcvM2FlTXVEWHMyWXRqCmRMVEZUOVpVUDVOL3NLdWVEcGdRd2Vncjdqc29KdW5RV3FkMGMyb05ONUw3cFFKa2VxTVNyWWxyZWZGZGVKV3YKY2ZobW1vZS82OC8zU1pIRlk3UXg4Yk5NWENJZjJIZy9MRFY1V1pEMHhyRWFSTGJzNVgwdEhSZ293b1o1UnhnRAp3cVhLQThHQUwxa3dQb1FtQmp6ZlEzamx3NVJsUDVnNTZkRVZVcXZEUUhaelVocmNUbXNLNzNWRmRIMEdvRzBDCmlqQWtCb3V6RWdad25qL1FhaytyRk96MXpGZnFRMUtRLzROaDRmYTdQdml0QXBIamE4L3VCT0thK3lmVm9qSXUKSmRHRE9uZDRXbnN5OXl2cWpOelp6NUxuSEt0Zm5vTUNVQk1FVlpsR2NWcmM5WDZiUXNpcUh1LzEyQT09Ci0tLS0tRU5EIENFUlRJRklDQVRFLS0tLS0K\n    server: https://10fe4fb2-da2f-4db1-9157-b4c6b56bc96b.k8s.ondigitalocean.com\n  name: do-nyc1-pruebadavid\ncontexts:\n- context:\n    cluster: do-nyc1-pruebadavid\n    user: do-nyc1-pruebadavid-admin\n  name: do-nyc1-pruebadavid\ncurrent-context: do-nyc1-pruebadavid\nusers:\n- name: do-nyc1-pruebadavid-admin\n  user:\n    token: dop_v1_28228ed771a30518e0bb17c294034b06c8fc2d91427b5db19d1471a90aa18395\n",
                "token": "dop_v1_28228ed771a30518e0bb17c294034b06c8fc2d91427b5db19d1471a90aa18395"
              }
            ],
            "maintenance_policy": [
              {
                "day": "any",
                "duration": "4h0m0s",
                "start_time": "9:00"
              }
            ],
            "name": "pruebadavid",
            "node_pool": [
              {
                "actual_node_count": 1,
                "auto_scale": false,
                "id": "1116dc90-a5d4-4f6a-b82b-8c35dd13adf1",
                "labels": {},
                "max_nodes": 0,
                "min_nodes": 0,
                "name": "pruebapool",
                "node_count": 1,
                "nodes": [
                  {
                    "created_at": "2022-05-11 08:30:00 +0000 UTC",
                    "droplet_id": "299290896",
                    "id": "61ea8f0b-dcef-4aea-b2f7-6f71ae441673",
                    "name": "pruebapool-cwdl7",
                    "status": "running",
                    "updated_at": "2022-05-11 08:33:23 +0000 UTC"
                  }
                ],
                "size": "s-1vcpu-2gb",
                "tags": [],
                "taint": []
              }
            ],
            "region": "nyc1",
            "service_subnet": "10.245.0.0/16",
            "status": "running",
            "surge_upgrade": true,
            "tags": [],
            "timeouts": null,
            "updated_at": "2022-05-11 08:36:42 +0000 UTC",
            "urn": "do:kubernetes:10fe4fb2-da2f-4db1-9157-b4c6b56bc96b",
            "version": "1.22.8-do.1",
            "vpc_uuid": "3b493c73-60dc-4809-b722-f7c7608727c6"
          },
          "sensitive_attributes": [],
          "private": "eyJlMmJmYjczMC1lY2FhLTExZTYtOGY4OC0zNDM2M2JjN2M0YzAiOnsiY3JlYXRlIjoxODAwMDAwMDAwMDAwfSwic2NoZW1hX3ZlcnNpb24iOiIzIn0="
        }
      ]
    },
    {
      "mode": "managed",
      "type": "digitalocean_volume",
      "name": "volumen",
      "provider": "provider[\"registry.terraform.io/digitalocean/digitalocean\"]",
      "instances": [
        {
          "schema_version": 0,
          "attributes": {
            "description": "prueba",
            "droplet_ids": [],
            "filesystem_label": null,
            "filesystem_type": "ext4",
            "id": "8bed97e6-d104-11ec-9383-0a58ac145375",
            "initial_filesystem_label": null,
            "initial_filesystem_type": "ext4",
            "name": "volumen",
            "region": "nyc1",
            "size": 5,
            "snapshot_id": null,
            "tags": [],
            "urn": "do:volume:8bed97e6-d104-11ec-9383-0a58ac145375"
          },
          "sensitive_attributes": [],
          "private": "bnVsbA=="
        }
      ]
    },
    {
      "mode": "managed",
      "type": "kubernetes_daemonset",
      "name": "nginx",
      "provider": "provider[\"registry.terraform.io/hashicorp/kubernetes\"]",
      "instances": [
        {
          "schema_version": 1,
          "attributes": {
            "id": "pruebaname/terraform-example",
            "metadata": [
              {
                "annotations": null,
                "generate_name": "",
                "generation": 1,
                "labels": {
                  "test": "MyExampleApp"
                },
                "name": "terraform-example",
                "namespace": "pruebaname",
                "resource_version": "1888",
                "uid": "aa0a1c7b-4999-4b17-bc4b-151855d78e26"
              }
            ],
            "spec": [
              {
                "min_ready_seconds": 0,
                "revision_history_limit": 10,
                "selector": [
                  {
                    "match_expressions": [],
                    "match_labels": {
                      "test": "MyExampleApp"
                    }
                  }
                ],
                "strategy": [
                  {
                    "rolling_update": [
                      {
                        "max_unavailable": "1"
                      }
                    ],
                    "type": "RollingUpdate"
                  }
                ],
                "template": [
                  {
                    "metadata": [
                      {
                        "annotations": null,
                        "generate_name": "",
                        "generation": 0,
                        "labels": {
                          "test": "MyExampleApp"
                        },
                        "name": "",
                        "resource_version": "",
                        "uid": ""
                      }
                    ],
                    "spec": [
                      {
                        "active_deadline_seconds": 0,
                        "affinity": [],
                        "automount_service_account_token": true,
                        "container": [
                          {
                            "args": null,
                            "command": null,
                            "env": [],
                            "env_from": [],
                            "image": "nginx:1.21.6",
                            "image_pull_policy": "IfNotPresent",
                            "lifecycle": [],
                            "liveness_probe": [
                              {
                                "exec": [],
                                "failure_threshold": 3,
                                "http_get": [
                                  {
                                    "host": "",
                                    "http_header": [
                                      {
                                        "name": "X-Custom-Header",
                                        "value": "Awesome"
                                      }
                                    ],
                                    "path": "/",
                                    "port": "80",
                                    "scheme": "HTTP"
                                  }
                                ],
                                "initial_delay_seconds": 3,
                                "period_seconds": 3,
                                "success_threshold": 1,
                                "tcp_socket": [],
                                "timeout_seconds": 1
                              }
                            ],
                            "name": "example",
                            "port": [],
                            "readiness_probe": [],
                            "resources": [
                              {
                                "limits": {
                                  "cpu": "500m",
                                  "memory": "512Mi"
                                },
                                "requests": {
                                  "cpu": "250m",
                                  "memory": "50Mi"
                                }
                              }
                            ],
                            "security_context": [],
                            "startup_probe": [],
                            "stdin": false,
                            "stdin_once": false,
                            "termination_message_path": "/dev/termination-log",
                            "termination_message_policy": "File",
                            "tty": false,
                            "volume_mount": [],
                            "working_dir": ""
                          }
                        ],
                        "dns_config": [],
                        "dns_policy": "ClusterFirst",
                        "enable_service_links": true,
                        "host_aliases": [],
                        "host_ipc": false,
                        "host_network": false,
                        "host_pid": false,
                        "hostname": "",
                        "image_pull_secrets": [],
                        "init_container": [],
                        "node_name": "",
                        "node_selector": null,
                        "priority_class_name": "",
                        "readiness_gate": [],
                        "restart_policy": "Always",
                        "security_context": [],
                        "service_account_name": "",
                        "share_process_namespace": false,
                        "subdomain": "",
                        "termination_grace_period_seconds": 30,
                        "toleration": [],
                        "topology_spread_constraint": [],
                        "volume": []
                      }
                    ]
                  }
                ]
              }
            ],
            "timeouts": null,
            "wait_for_rollout": true
          },
          "sensitive_attributes": [],
          "private": "eyJlMmJmYjczMC1lY2FhLTExZTYtOGY4OC0zNDM2M2JjN2M0YzAiOnsiY3JlYXRlIjo2MDAwMDAwMDAwMDAsImRlbGV0ZSI6NjAwMDAwMDAwMDAwLCJ1cGRhdGUiOjYwMDAwMDAwMDAwMH0sInNjaGVtYV92ZXJzaW9uIjoiMSJ9",
          "dependencies": [
            "local_file.kubernetes_config"
          ]
        }
      ]
    },
    {
      "mode": "managed",
      "type": "kubernetes_namespace",
      "name": "pruebanamespace",
      "provider": "provider[\"registry.terraform.io/hashicorp/kubernetes\"]",
      "instances": [
        {
          "schema_version": 0,
          "attributes": {
            "id": "pruebaname",
            "metadata": [
              {
                "annotations": {},
                "generate_name": "",
                "generation": 0,
                "labels": {},
                "name": "pruebaname",
                "resource_version": "930",
                "uid": "608480ea-fb98-4f77-a7bd-7b6caa741e1c"
              }
            ],
            "timeouts": null
          },
          "sensitive_attributes": [],
          "private": "eyJlMmJmYjczMC1lY2FhLTExZTYtOGY4OC0zNDM2M2JjN2M0YzAiOnsiZGVsZXRlIjozMDAwMDAwMDAwMDB9fQ==",
          "dependencies": [
            "digitalocean_kubernetes_cluster.prueba",
            "local_file.kubernetes_config"
          ]
        }
      ]
    },
    {
      "mode": "managed",
      "type": "local_file",
      "name": "kubernetes_config",
      "provider": "provider[\"registry.terraform.io/hashicorp/local\"]",
      "instances": [
        {
          "schema_version": 0,
          "attributes": {
            "content": "apiVersion: v1\nkind: Config\nclusters:\n- cluster:\n    certificate-authority-data: LS0tLS1CRUdJTiBDRVJUSUZJQ0FURS0tLS0tCk1JSURKekNDQWcrZ0F3SUJBZ0lDQm5Vd0RRWUpLb1pJaHZjTkFRRUxCUUF3TXpFVk1CTUdBMVVFQ2hNTVJHbG4KYVhSaGJFOWpaV0Z1TVJvd0dBWURWUVFERXhGck9ITmhZWE1nUTJ4MWMzUmxjaUJEUVRBZUZ3MHlNakExTVRFdwpPRE13TVRCYUZ3MDBNakExTVRFd09ETXdNVEJhTURNeEZUQVRCZ05WQkFvVERFUnBaMmwwWVd4UFkyVmhiakVhCk1CZ0dBMVVFQXhNUmF6aHpZV0Z6SUVOc2RYTjBaWElnUTBFd2dnRWlNQTBHQ1NxR1NJYjNEUUVCQVFVQUE0SUIKRHdBd2dnRUtBb0lCQVFDYktuL04rZ1VqTUJMaUYwSHVUR25FQXJBNVFCdXp3RFMyUVVkbnBQVVkrQU9pUk9BNwpHeGFMZzJ5dERaK3dUc0FROCtsRG9lWGdnblJsRWNOREpQcHRqM3VQNkVhN0R2WGF4M3lFKzFZL3ZDUEtDMGJPCm04ZE5abmZrN3RBK2NsNHd5SitVTVY4Q3RaeXIwb0UxNVV6ZXZ2UEkweW1UYzVVVE5QWXVEdUZaWUFuMzJlV24KU1ZINE8wRkJaRzRTV1hjMTVvZk5velZFclJuSDIyUjRaZFBMaHl4ZERxRXdGZ2FNNWphY0FGb2VRODFKams0ZwpOd01vZDR6NENwSndJcE1rYWhhZlhZTHdnUHVyWFhQaFgwU3FzMm42N1dYRVYySXFmNWVsZEhvSXhQOTJIanE1CkozK1RpT3EvTkQ0Y0VKUE1ocEtUTUc0NkpycDU0c3laTEJJRkFnTUJBQUdqUlRCRE1BNEdBMVVkRHdFQi93UUUKQXdJQmhqQVNCZ05WSFJNQkFmOEVDREFHQVFIL0FnRUFNQjBHQTFVZERnUVdCQlRTN29jU0FjeTFZNVRsNFRVaAo3SGFiS0pOb0F6QU5CZ2txaGtpRzl3MEJBUXNGQUFPQ0FRRUFKSXhoTVV3QzVaRXpsdzcvM2FlTXVEWHMyWXRqCmRMVEZUOVpVUDVOL3NLdWVEcGdRd2Vncjdqc29KdW5RV3FkMGMyb05ONUw3cFFKa2VxTVNyWWxyZWZGZGVKV3YKY2ZobW1vZS82OC8zU1pIRlk3UXg4Yk5NWENJZjJIZy9MRFY1V1pEMHhyRWFSTGJzNVgwdEhSZ293b1o1UnhnRAp3cVhLQThHQUwxa3dQb1FtQmp6ZlEzamx3NVJsUDVnNTZkRVZVcXZEUUhaelVocmNUbXNLNzNWRmRIMEdvRzBDCmlqQWtCb3V6RWdad25qL1FhaytyRk96MXpGZnFRMUtRLzROaDRmYTdQdml0QXBIamE4L3VCT0thK3lmVm9qSXUKSmRHRE9uZDRXbnN5OXl2cWpOelp6NUxuSEt0Zm5vTUNVQk1FVlpsR2NWcmM5WDZiUXNpcUh1LzEyQT09Ci0tLS0tRU5EIENFUlRJRklDQVRFLS0tLS0K\n    server: https://10fe4fb2-da2f-4db1-9157-b4c6b56bc96b.k8s.ondigitalocean.com\n  name: do-nyc1-pruebadavid\ncontexts:\n- context:\n    cluster: do-nyc1-pruebadavid\n    user: do-nyc1-pruebadavid-admin\n  name: do-nyc1-pruebadavid\ncurrent-context: do-nyc1-pruebadavid\nusers:\n- name: do-nyc1-pruebadavid-admin\n  user:\n    token: dop_v1_28228ed771a30518e0bb17c294034b06c8fc2d91427b5db19d1471a90aa18395\n",
            "content_base64": null,
            "directory_permission": "0777",
            "file_permission": "0777",
            "filename": "kubeconfig.yaml",
            "id": "b87d584b1c1bc613e88377785b66584fa329e6e4",
            "sensitive_content": null,
            "source": null
          },
          "sensitive_attributes": [
            [
              {
                "type": "get_attr",
                "value": "content"
              }
            ]
          ],
          "private": "bnVsbA==",
          "dependencies": [
            "digitalocean_kubernetes_cluster.prueba"
          ]
        }
      ]
    }
  ]
}
